// !$*UTF8*$!
{
	archiveVersion = 1;
	classes = {
	};
	objectVersion = 50;
	objects = {

/* Begin PBXBuildFile section */
		3DB60E9B25F0407700BA7F76 /* Culminating_AssingmentApp.swift in Sources */ = {isa = PBXBuildFile; fileRef = 3DB60E9A25F0407700BA7F76 /* Culminating_AssingmentApp.swift */; };
		3DB60E9D25F0407700BA7F76 /* ContentView.swift in Sources */ = {isa = PBXBuildFile; fileRef = 3DB60E9C25F0407700BA7F76 /* ContentView.swift */; };
		3DB60E9F25F0408500BA7F76 /* Assets.xcassets in Resources */ = {isa = PBXBuildFile; fileRef = 3DB60E9E25F0408500BA7F76 /* Assets.xcassets */; };
		3DB60EA225F0408500BA7F76 /* Preview Assets.xcassets in Resources */ = {isa = PBXBuildFile; fileRef = 3DB60EA125F0408500BA7F76 /* Preview Assets.xcassets */; };
		3DB60EB125F042D900BA7F76 /* LoadingScreenView.swift in Sources */ = {isa = PBXBuildFile; fileRef = 3DB60EB025F042D900BA7F76 /* LoadingScreenView.swift */; };
		3DC9F95925FA57FF00CCFBE3 /* ListItemView.swift in Sources */ = {isa = PBXBuildFile; fileRef = 3DC9F95825FA57FE00CCFBE3 /* ListItemView.swift */; };
		3DD13D1525F6B7D200AD39C3 /* DaysTillDeath.swift in Sources */ = {isa = PBXBuildFile; fileRef = 3DD13D1425F6B7D200AD39C3 /* DaysTillDeath.swift */; };
		3DD13D1825F6B80300AD39C3 /* DaysTillBDay.swift in Sources */ = {isa = PBXBuildFile; fileRef = 3DD13D1725F6B80300AD39C3 /* DaysTillBDay.swift */; };
		3DD13D1B25F6B81300AD39C3 /* DaysTillHoliday.swift in Sources */ = {isa = PBXBuildFile; fileRef = 3DD13D1A25F6B81300AD39C3 /* DaysTillHoliday.swift */; };
		3DD13D1E25F6B83600AD39C3 /* DaysLivedSinceBirth.swift in Sources */ = {isa = PBXBuildFile; fileRef = 3DD13D1D25F6B83600AD39C3 /* DaysLivedSinceBirth.swift */; };
		3DF5512626013639003812C8 /* OwnSetDate.swift in Sources */ = {isa = PBXBuildFile; fileRef = 3DF5512526013639003812C8 /* OwnSetDate.swift */; };
		3DF5512926013656003812C8 /* OwnTimer.swift in Sources */ = {isa = PBXBuildFile; fileRef = 3DF5512826013656003812C8 /* OwnTimer.swift */; };
		3DF5512E26025D82003812C8 /* TImeTester.swift in Sources */ = {isa = PBXBuildFile; fileRef = 3DF5512D26025D82003812C8 /* TImeTester.swift */; };
/* End PBXBuildFile section */

/* Begin PBXFileReference section */
		3DB60E9725F0407700BA7F76 /* Culminating Assingment.app */ = {isa = PBXFileReference; explicitFileType = wrapper.application; includeInIndex = 0; path = "Culminating Assingment.app"; sourceTree = BUILT_PRODUCTS_DIR; };
		3DB60E9A25F0407700BA7F76 /* Culminating_AssingmentApp.swift */ = {isa = PBXFileReference; lastKnownFileType = sourcecode.swift; path = Culminating_AssingmentApp.swift; sourceTree = "<group>"; };
		3DB60E9C25F0407700BA7F76 /* ContentView.swift */ = {isa = PBXFileReference; lastKnownFileType = sourcecode.swift; path = ContentView.swift; sourceTree = "<group>"; };
		3DB60E9E25F0408500BA7F76 /* Assets.xcassets */ = {isa = PBXFileReference; lastKnownFileType = folder.assetcatalog; path = Assets.xcassets; sourceTree = "<group>"; };
		3DB60EA125F0408500BA7F76 /* Preview Assets.xcassets */ = {isa = PBXFileReference; lastKnownFileType = folder.assetcatalog; path = "Preview Assets.xcassets"; sourceTree = "<group>"; };
		3DB60EA325F0408500BA7F76 /* Info.plist */ = {isa = PBXFileReference; lastKnownFileType = text.plist.xml; path = Info.plist; sourceTree = "<group>"; };
		3DB60EB025F042D900BA7F76 /* LoadingScreenView.swift */ = {isa = PBXFileReference; lastKnownFileType = sourcecode.swift; path = LoadingScreenView.swift; sourceTree = "<group>"; };
		3DC9F95825FA57FE00CCFBE3 /* ListItemView.swift */ = {isa = PBXFileReference; lastKnownFileType = sourcecode.swift; path = ListItemView.swift; sourceTree = "<group>"; };
		3DD13D1425F6B7D200AD39C3 /* DaysTillDeath.swift */ = {isa = PBXFileReference; lastKnownFileType = sourcecode.swift; path = DaysTillDeath.swift; sourceTree = "<group>"; };
		3DD13D1725F6B80300AD39C3 /* DaysTillBDay.swift */ = {isa = PBXFileReference; lastKnownFileType = sourcecode.swift; path = DaysTillBDay.swift; sourceTree = "<group>"; };
		3DD13D1A25F6B81300AD39C3 /* DaysTillHoliday.swift */ = {isa = PBXFileReference; lastKnownFileType = sourcecode.swift; path = DaysTillHoliday.swift; sourceTree = "<group>"; };
		3DD13D1D25F6B83600AD39C3 /* DaysLivedSinceBirth.swift */ = {isa = PBXFileReference; lastKnownFileType = sourcecode.swift; path = DaysLivedSinceBirth.swift; sourceTree = "<group>"; };
		3DF5512526013639003812C8 /* OwnSetDate.swift */ = {isa = PBXFileReference; lastKnownFileType = sourcecode.swift; path = OwnSetDate.swift; sourceTree = "<group>"; };
		3DF5512826013656003812C8 /* OwnTimer.swift */ = {isa = PBXFileReference; lastKnownFileType = sourcecode.swift; path = OwnTimer.swift; sourceTree = "<group>"; };
		3DF5512D26025D82003812C8 /* TImeTester.swift */ = {isa = PBXFileReference; lastKnownFileType = sourcecode.swift; path = TImeTester.swift; sourceTree = "<group>"; };
/* End PBXFileReference section */

/* Begin PBXFrameworksBuildPhase section */
		3DB60E9425F0407700BA7F76 /* Frameworks */ = {
			isa = PBXFrameworksBuildPhase;
			buildActionMask = 2147483647;
			files = (
			);
			runOnlyForDeploymentPostprocessing = 0;
		};
/* End PBXFrameworksBuildPhase section */

/* Begin PBXGroup section */
		3DB60E8E25F0407600BA7F76 = {
			isa = PBXGroup;
			children = (
				3DB60E9925F0407700BA7F76 /* Culminating Assingment */,
				3DB60E9825F0407700BA7F76 /* Products */,
			);
			sourceTree = "<group>";
		};
		3DB60E9825F0407700BA7F76 /* Products */ = {
			isa = PBXGroup;
			children = (
				3DB60E9725F0407700BA7F76 /* Culminating Assingment.app */,
			);
			name = Products;
			sourceTree = "<group>";
		};
		3DB60E9925F0407700BA7F76 /* Culminating Assingment */ = {
			isa = PBXGroup;
			children = (
				3DF5512C26025D63003812C8 /* Test */,
				3DB60E9A25F0407700BA7F76 /* Culminating_AssingmentApp.swift */,
				3DB60EAA25F0409800BA7F76 /* LoadingScreen */,
				3DB60EB325F0445900BA7F76 /* Views */,
				3DB60E9E25F0408500BA7F76 /* Assets.xcassets */,
				3DB60EA325F0408500BA7F76 /* Info.plist */,
				3DB60EA025F0408500BA7F76 /* Preview Content */,
			);
			path = "Culminating Assingment";
			sourceTree = "<group>";
		};
		3DB60EA025F0408500BA7F76 /* Preview Content */ = {
			isa = PBXGroup;
			children = (
				3DB60EA125F0408500BA7F76 /* Preview Assets.xcassets */,
			);
			path = "Preview Content";
			sourceTree = "<group>";
		};
		3DB60EAA25F0409800BA7F76 /* LoadingScreen */ = {
			isa = PBXGroup;
			children = (
				3DB60EB025F042D900BA7F76 /* LoadingScreenView.swift */,
			);
			path = LoadingScreen;
			sourceTree = "<group>";
		};
		3DB60EB325F0445900BA7F76 /* Views */ = {
			isa = PBXGroup;
			children = (
				3DB60E9C25F0407700BA7F76 /* ContentView.swift */,
				3DC9F95825FA57FE00CCFBE3 /* ListItemView.swift */,
				3DD13D1425F6B7D200AD39C3 /* DaysTillDeath.swift */,
				3DD13D1725F6B80300AD39C3 /* DaysTillBDay.swift */,
				3DD13D1A25F6B81300AD39C3 /* DaysTillHoliday.swift */,
				3DD13D1D25F6B83600AD39C3 /* DaysLivedSinceBirth.swift */,
				3DF5512526013639003812C8 /* OwnSetDate.swift */,
				3DF5512826013656003812C8 /* OwnTimer.swift */,
			);
			path = Views;
			sourceTree = "<group>";
		};
		3DF5512C26025D63003812C8 /* Test */ = {
			isa = PBXGroup;
			children = (
				3DF5512D26025D82003812C8 /* TImeTester.swift */,
			);
			path = Test;
			sourceTree = "<group>";
		};
/* End PBXGroup section */

/* Begin PBXNativeTarget section */
		3DB60E9625F0407700BA7F76 /* Culminating Assingment */ = {
			isa = PBXNativeTarget;
			buildConfigurationList = 3DB60EA625F0408500BA7F76 /* Build configuration list for PBXNativeTarget "Culminating Assingment" */;
			buildPhases = (
				3DB60E9325F0407700BA7F76 /* Sources */,
				3DB60E9425F0407700BA7F76 /* Frameworks */,
				3DB60E9525F0407700BA7F76 /* Resources */,
			);
			buildRules = (
			);
			dependencies = (
			);
			name = "Culminating Assingment";
			productName = "Culminating Assingment";
			productReference = 3DB60E9725F0407700BA7F76 /* Culminating Assingment.app */;
			productType = "com.apple.product-type.application";
		};
/* End PBXNativeTarget section */

/* Begin PBXProject section */
		3DB60E8F25F0407600BA7F76 /* Project object */ = {
			isa = PBXProject;
			attributes = {
				LastSwiftUpdateCheck = 1230;
				LastUpgradeCheck = 1230;
				TargetAttributes = {
					3DB60E9625F0407700BA7F76 = {
						CreatedOnToolsVersion = 12.3;
					};
				};
			};
			buildConfigurationList = 3DB60E9225F0407600BA7F76 /* Build configuration list for PBXProject "Culminating Assingment" */;
			compatibilityVersion = "Xcode 9.3";
			developmentRegion = en;
			hasScannedForEncodings = 0;
			knownRegions = (
				en,
				Base,
			);
			mainGroup = 3DB60E8E25F0407600BA7F76;
			productRefGroup = 3DB60E9825F0407700BA7F76 /* Products */;
			projectDirPath = "";
			projectRoot = "";
			targets = (
				3DB60E9625F0407700BA7F76 /* Culminating Assingment */,
			);
		};
/* End PBXProject section */

/* Begin PBXResourcesBuildPhase section */
		3DB60E9525F0407700BA7F76 /* Resources */ = {
			isa = PBXResourcesBuildPhase;
			buildActionMask = 2147483647;
			files = (
				3DB60EA225F0408500BA7F76 /* Preview Assets.xcassets in Resources */,
				3DB60E9F25F0408500BA7F76 /* Assets.xcassets in Resources */,
			);
			runOnlyForDeploymentPostprocessing = 0;
		};
/* End PBXResourcesBuildPhase section */

/* Begin PBXSourcesBuildPhase section */
		3DB60E9325F0407700BA7F76 /* Sources */ = {
			isa = PBXSourcesBuildPhase;
			buildActionMask = 2147483647;
			files = (
				3DD13D1B25F6B81300AD39C3 /* DaysTillHoliday.swift in Sources */,
				3DB60E9D25F0407700BA7F76 /* ContentView.swift in Sources */,
				3DF5512926013656003812C8 /* OwnTimer.swift in Sources */,
				3DB60E9B25F0407700BA7F76 /* Culminating_AssingmentApp.swift in Sources */,
				3DC9F95925FA57FF00CCFBE3 /* ListItemView.swift in Sources */,
				3DD13D1525F6B7D200AD39C3 /* DaysTillDeath.swift in Sources */,
				3DD13D1825F6B80300AD39C3 /* DaysTillBDay.swift in Sources */,
				3DD13D1E25F6B83600AD39C3 /* DaysLivedSinceBirth.swift in Sources */,
				3DB60EB125F042D900BA7F76 /* LoadingScreenView.swift in Sources */,
				3DF5512626013639003812C8 /* OwnSetDate.swift in Sources */,
				3DF5512E26025D82003812C8 /* TImeTester.swift in Sources */,
			);
			runOnlyForDeploymentPostprocessing = 0;
		};
/* End PBXSourcesBuildPhase section */

/* Begin XCBuildConfiguration section */
		3DB60EA425F0408500BA7F76 /* Debug */ = {
			isa = XCBuildConfiguration;
			buildSettings = {
				ALWAYS_SEARCH_USER_PATHS = NO;
				CLANG_ANALYZER_NONNULL = YES;
				CLANG_ANALYZER_NUMBER_OBJECT_CONVERSION = YES_AGGRESSIVE;
				CLANG_CXX_LANGUAGE_STANDARD = "gnu++14";
				CLANG_CXX_LIBRARY = "libc++";
				CLANG_ENABLE_MODULES = YES;
				CLANG_ENABLE_OBJC_ARC = YES;
				CLANG_ENABLE_OBJC_WEAK = YES;
				CLANG_WARN_BLOCK_CAPTURE_AUTORELEASING = YES;
				CLANG_WARN_BOOL_CONVERSION = YES;
				CLANG_WARN_COMMA = YES;
				CLANG_WARN_CONSTANT_CONVERSION = YES;
				CLANG_WARN_DEPRECATED_OBJC_IMPLEMENTATIONS = YES;
				CLANG_WARN_DIRECT_OBJC_ISA_USAGE = YES_ERROR;
				CLANG_WARN_DOCUMENTATION_COMMENTS = YES;
				CLANG_WARN_EMPTY_BODY = YES;
				CLANG_WARN_ENUM_CONVERSION = YES;
				CLANG_WARN_INFINITE_RECURSION = YES;
				CLANG_WARN_INT_CONVERSION = YES;
				CLANG_WARN_NON_LITERAL_NULL_CONVERSION = YES;
				CLANG_WARN_OBJC_IMPLICIT_RETAIN_SELF = YES;
				CLANG_WARN_OBJC_LITERAL_CONVERSION = YES;
				CLANG_WARN_OBJC_ROOT_CLASS = YES_ERROR;
				CLANG_WARN_QUOTED_INCLUDE_IN_FRAMEWORK_HEADER = YES;
				CLANG_WARN_RANGE_LOOP_ANALYSIS = YES;
				CLANG_WARN_STRICT_PROTOTYPES = YES;
				CLANG_WARN_SUSPICIOUS_MOVE = YES;
				CLANG_WARN_UNGUARDED_AVAILABILITY = YES_AGGRESSIVE;
				CLANG_WARN_UNREACHABLE_CODE = YES;
				CLANG_WARN__DUPLICATE_METHOD_MATCH = YES;
				COPY_PHASE_STRIP = NO;
				DEBUG_INFORMATION_FORMAT = dwarf;
				ENABLE_STRICT_OBJC_MSGSEND = YES;
				ENABLE_TESTABILITY = YES;
				GCC_C_LANGUAGE_STANDARD = gnu11;
				GCC_DYNAMIC_NO_PIC = NO;
				GCC_NO_COMMON_BLOCKS = YES;
				GCC_OPTIMIZATION_LEVEL = 0;
				GCC_PREPROCESSOR_DEFINITIONS = (
					"DEBUG=1",
					"$(inherited)",
				);
				GCC_WARN_64_TO_32_BIT_CONVERSION = YES;
				GCC_WARN_ABOUT_RETURN_TYPE = YES_ERROR;
				GCC_WARN_UNDECLARED_SELECTOR = YES;
				GCC_WARN_UNINITIALIZED_AUTOS = YES_AGGRESSIVE;
				GCC_WARN_UNUSED_FUNCTION = YES;
				GCC_WARN_UNUSED_VARIABLE = YES;
				IPHONEOS_DEPLOYMENT_TARGET = 14.3;
				MTL_ENABLE_DEBUG_INFO = INCLUDE_SOURCE;
				MTL_FAST_MATH = YES;
				ONLY_ACTIVE_ARCH = YES;
				SDKROOT = iphoneos;
				SWIFT_ACTIVE_COMPILATION_CONDITIONS = DEBUG;
				SWIFT_OPTIMIZATION_LEVEL = "-Onone";
			};
			name = Debug;
		};
		3DB60EA525F0408500BA7F76 /* Release */ = {
			isa = XCBuildConfiguration;
			buildSettings = {
				ALWAYS_SEARCH_USER_PATHS = NO;
				CLANG_ANALYZER_NONNULL = YES;
				CLANG_ANALYZER_NUMBER_OBJECT_CONVERSION = YES_AGGRESSIVE;
				CLANG_CXX_LANGUAGE_STANDARD = "gnu++14";
				CLANG_CXX_LIBRARY = "libc++";
				CLANG_ENABLE_MODULES = YES;
				CLANG_ENABLE_OBJC_ARC = YES;
				CLANG_ENABLE_OBJC_WEAK = YES;
				CLANG_WARN_BLOCK_CAPTURE_AUTORELEASING = YES;
				CLANG_WARN_BOOL_CONVERSION = YES;
				CLANG_WARN_COMMA = YES;
				CLANG_WARN_CONSTANT_CONVERSION = YES;
				CLANG_WARN_DEPRECATED_OBJC_IMPLEMENTATIONS = YES;
				CLANG_WARN_DIRECT_OBJC_ISA_USAGE = YES_ERROR;
				CLANG_WARN_DOCUMENTATION_COMMENTS = YES;
				CLANG_WARN_EMPTY_BODY = YES;
				CLANG_WARN_ENUM_CONVERSION = YES;
				CLANG_WARN_INFINITE_RECURSION = YES;
				CLANG_WARN_INT_CONVERSION = YES;
				CLANG_WARN_NON_LITERAL_NULL_CONVERSION = YES;
				CLANG_WARN_OBJC_IMPLICIT_RETAIN_SELF = YES;
				CLANG_WARN_OBJC_LITERAL_CONVERSION = YES;
				CLANG_WARN_OBJC_ROOT_CLASS = YES_ERROR;
				CLANG_WARN_QUOTED_INCLUDE_IN_FRAMEWORK_HEADER = YES;
				CLANG_WARN_RANGE_LOOP_ANALYSIS = YES;
				CLANG_WARN_STRICT_PROTOTYPES = YES;
				CLANG_WARN_SUSPICIOUS_MOVE = YES;
				CLANG_WARN_UNGUARDED_AVAILABILITY = YES_AGGRESSIVE;
				CLANG_WARN_UNREACHABLE_CODE = YES;
				CLANG_WARN__DUPLICATE_METHOD_MATCH = YES;
				COPY_PHASE_STRIP = NO;
				DEBUG_INFORMATION_FORMAT = "dwarf-with-dsym";
				ENABLE_NS_ASSERTIONS = NO;
				ENABLE_STRICT_OBJC_MSGSEND = YES;
				GCC_C_LANGUAGE_STANDARD = gnu11;
				GCC_NO_COMMON_BLOCKS = YES;
				GCC_WARN_64_TO_32_BIT_CONVERSION = YES;
				GCC_WARN_ABOUT_RETURN_TYPE = YES_ERROR;
				GCC_WARN_UNDECLARED_SELECTOR = YES;
				GCC_WARN_UNINITIALIZED_AUTOS = YES_AGGRESSIVE;
				GCC_WARN_UNUSED_FUNCTION = YES;
				GCC_WARN_UNUSED_VARIABLE = YES;
				IPHONEOS_DEPLOYMENT_TARGET = 14.3;
				MTL_ENABLE_DEBUG_INFO = NO;
				MTL_FAST_MATH = YES;
				SDKROOT = iphoneos;
				SWIFT_COMPILATION_MODE = wholemodule;
				SWIFT_OPTIMIZATION_LEVEL = "-O";
				VALIDATE_PRODUCT = YES;
			};
			name = Release;
		};
		3DB60EA725F0408500BA7F76 /* Debug */ = {
			isa = XCBuildConfiguration;
			buildSettings = {
				ASSETCATALOG_COMPILER_APPICON_NAME = AppIcon;
				ASSETCATALOG_COMPILER_GLOBAL_ACCENT_COLOR_NAME = AccentColor;
				CODE_SIGN_STYLE = Automatic;
				DEVELOPMENT_ASSET_PATHS = "\"Culminating Assingment/Preview Content\"";
				DEVELOPMENT_TEAM = 4X3Z79SBTY;
				ENABLE_PREVIEWS = YES;
				INFOPLIST_FILE = "Culminating Assingment/Info.plist";
				IPHONEOS_DEPLOYMENT_TARGET = 14.0;
				LD_RUNPATH_SEARCH_PATHS = (
					"$(inherited)",
					"@executable_path/Frameworks",
				);
				PRODUCT_BUNDLE_IDENTIFIER = "ca.moritzasche.Culminating-Assingment";
				PRODUCT_NAME = "$(TARGET_NAME)";
				SWIFT_VERSION = 5.0;
				TARGETED_DEVICE_FAMILY = "1,2";
			};
			name = Debug;
		};
		3DB60EA825F0408500BA7F76 /* Release */ = {
			isa = XCBuildConfiguration;
			buildSettings = {
				ASSETCATALOG_COMPILER_APPICON_NAME = AppIcon;
				ASSETCATALOG_COMPILER_GLOBAL_ACCENT_COLOR_NAME = AccentColor;
				CODE_SIGN_STYLE = Automatic;
				DEVELOPMENT_ASSET_PATHS = "\"Culminating Assingment/Preview Content\"";
				DEVELOPMENT_TEAM = 4X3Z79SBTY;
				ENABLE_PREVIEWS = YES;
				INFOPLIST_FILE = "Culminating Assingment/Info.plist";
				IPHONEOS_DEPLOYMENT_TARGET = 14.0;
				LD_RUNPATH_SEARCH_PATHS = (
					"$(inherited)",
					"@executable_path/Frameworks",
				);
				PRODUCT_BUNDLE_IDENTIFIER = "ca.moritzasche.Culminating-Assingment";
				PRODUCT_NAME = "$(TARGET_NAME)";
				SWIFT_VERSION = 5.0;
				TARGETED_DEVICE_FAMILY = "1,2";
			};
			name = Release;
		};
/* End XCBuildConfiguration section */

/* Begin XCConfigurationList section */
		3DB60E9225F0407600BA7F76 /* Build configuration list for PBXProject "Culminating Assingment" */ = {
			isa = XCConfigurationList;
			buildConfigurations = (
				3DB60EA425F0408500BA7F76 /* Debug */,
				3DB60EA525F0408500BA7F76 /* Release */,
			);
			defaultConfigurationIsVisible = 0;
			defaultConfigurationName = Release;
		};
		3DB60EA625F0408500BA7F76 /* Build configuration list for PBXNativeTarget "Culminating Assingment" */ = {
			isa = XCConfigurationList;
			buildConfigurations = (
				3DB60EA725F0408500BA7F76 /* Debug */,
				3DB60EA825F0408500BA7F76 /* Release */,
			);
			defaultConfigurationIsVisible = 0;
			defaultConfigurationName = Release;
		};
/* End XCConfigurationList section */
	};
	rootObject = 3DB60E8F25F0407600BA7F76 /* Project object */;
}
